
Microsoft Visual Studio Solution File, Format Version 12.00
# Visual Studio Version 17
VisualStudioVersion = 17.8.34330.188
MinimumVisualStudioVersion = 10.0.40219.1
Project("{FAE04EC0-301F-11D3-BF4B-00C04F79EFBC}") = "ChartAPI", "ChartAPI\ChartAPI.csproj", "{30D79E27-E70A-4811-B1B3-3F2852007855}"
EndProject
Global
	GlobalSection(SolutionConfigurationPlatforms) = preSolution
		Debug|Any CPU = Debug|Any CPU
		Release|Any CPU = Release|Any CPU
	EndGlobalSection
	GlobalSection(ProjectConfigurationPlatforms) = postSolution
		{30D79E27-E70A-4811-B1B3-3F2852007855}.Debug|Any CPU.ActiveCfg = Debug|Any CPU
		{30D79E27-E70A-4811-B1B3-3F2852007855}.Debug|Any CPU.Build.0 = Debug|Any CPU
		{30D79E27-E70A-4811-B1B3-3F2852007855}.Release|Any CPU.ActiveCfg = Release|Any CPU
		{30D79E27-E70A-4811-B1B3-3F2852007855}.Release|Any CPU.Build.0 = Release|Any CPU
	EndGlobalSection
	GlobalSection(SolutionProperties) = preSolution
		HideSolutionNode = FALSE
	EndGlobalSection
	GlobalSection(ExtensibilityGlobals) = postSolution
		SolutionGuid = {1ED32AA5-7B3F-4965-8A19-15B0F37C41F5}
	EndGlobalSection
EndGlobal
